
Microsoft Visual Studio Solution File, Format Version 12.00
# Visual Studio Version 16
VisualStudioVersion = 16.0.31624.102
MinimumVisualStudioVersion = 10.0.40219.1
Project("{FAE04EC0-301F-11D3-BF4B-00C04F79EFBC}") = "M4A1-Galura.Android", "M4A1-Galura\M4A1-Galura.Android\M4A1-Galura.Android.csproj", "{D9349EEC-F4AE-4610-BE5D-917364300DCC}"
EndProject
Project("{FAE04EC0-301F-11D3-BF4B-00C04F79EFBC}") = "M4A1-Galura", "M4A1-Galura\M4A1-Galura\M4A1-Galura.csproj", "{F21BD35B-13DA-48FE-9826-3B989313759F}"
EndProject
Global
	GlobalSection(SolutionConfigurationPlatforms) = preSolution
		Debug|Any CPU = Debug|Any CPU
		Release|Any CPU = Release|Any CPU
	EndGlobalSection
	GlobalSection(ProjectConfigurationPlatforms) = postSolution
		{D9349EEC-F4AE-4610-BE5D-917364300DCC}.Debug|Any CPU.ActiveCfg = Debug|Any CPU
		{D9349EEC-F4AE-4610-BE5D-917364300DCC}.Debug|Any CPU.Build.0 = Debug|Any CPU
		{D9349EEC-F4AE-4610-BE5D-917364300DCC}.Debug|Any CPU.Deploy.0 = Debug|Any CPU
		{D9349EEC-F4AE-4610-BE5D-917364300DCC}.Release|Any CPU.ActiveCfg = Release|Any CPU
		{D9349EEC-F4AE-4610-BE5D-917364300DCC}.Release|Any CPU.Build.0 = Release|Any CPU
		{D9349EEC-F4AE-4610-BE5D-917364300DCC}.Release|Any CPU.Deploy.0 = Release|Any CPU
		{F21BD35B-13DA-48FE-9826-3B989313759F}.Debug|Any CPU.ActiveCfg = Debug|Any CPU
		{F21BD35B-13DA-48FE-9826-3B989313759F}.Debug|Any CPU.Build.0 = Debug|Any CPU
		{F21BD35B-13DA-48FE-9826-3B989313759F}.Debug|Any CPU.Deploy.0 = Debug|Any CPU
		{F21BD35B-13DA-48FE-9826-3B989313759F}.Release|Any CPU.ActiveCfg = Release|Any CPU
		{F21BD35B-13DA-48FE-9826-3B989313759F}.Release|Any CPU.Build.0 = Release|Any CPU
		{F21BD35B-13DA-48FE-9826-3B989313759F}.Release|Any CPU.Deploy.0 = Release|Any CPU
	EndGlobalSection
	GlobalSection(SolutionProperties) = preSolution
		HideSolutionNode = FALSE
	EndGlobalSection
	GlobalSection(ExtensibilityGlobals) = postSolution
		SolutionGuid = {B8A63790-766F-4146-AC58-06302BA478B1}
	EndGlobalSection
EndGlobal
